
Microsoft Visual Studio Solution File, Format Version 12.00
# Visual Studio Version 16
VisualStudioVersion = 16.0.30711.63
MinimumVisualStudioVersion = 10.0.40219.1
Project("{FAE04EC0-301F-11D3-BF4B-00C04F79EFBC}") = "Epsid-19", "Epsid-19\Epsid-19.csproj", "{FFFEF335-0964-410C-9C14-DC92A0A5CC1A}"
EndProject
Global
	GlobalSection(SolutionConfigurationPlatforms) = preSolution
		Debug|Any CPU = Debug|Any CPU
		Release|Any CPU = Release|Any CPU
	EndGlobalSection
	GlobalSection(ProjectConfigurationPlatforms) = postSolution
		{FFFEF335-0964-410C-9C14-DC92A0A5CC1A}.Debug|Any CPU.ActiveCfg = Debug|Any CPU
		{FFFEF335-0964-410C-9C14-DC92A0A5CC1A}.Debug|Any CPU.Build.0 = Debug|Any CPU
		{FFFEF335-0964-410C-9C14-DC92A0A5CC1A}.Release|Any CPU.ActiveCfg = Release|Any CPU
		{FFFEF335-0964-410C-9C14-DC92A0A5CC1A}.Release|Any CPU.Build.0 = Release|Any CPU
	EndGlobalSection
	GlobalSection(SolutionProperties) = preSolution
		HideSolutionNode = FALSE
	EndGlobalSection
	GlobalSection(ExtensibilityGlobals) = postSolution
		SolutionGuid = {DFB085A7-EED0-45C1-B332-BFD34D04B1AE}
	EndGlobalSection
EndGlobal
